{
    "_readme": [
        "This file locks the dependencies of your project to a known state",
        "Read more about it at https://getcomposer.org/doc/01-basic-usage.md#installing-dependencies",
        "This file is @generated automatically"
    ],
    "content-hash": "39d578da50f9a669f54cd4b9393f07f5",
    "packages": [],
    "packages-dev": [
        {
            "name": "nette/php-generator",
            "version": "v3.6.5",
            "source": {
                "type": "git",
                "url": "https://github.com/nette/php-generator.git",
                "reference": "9370403f9d9c25b51c4596ded1fbfe70347f7c82"
            },
            "dist": {
                "type": "zip",
                "url": "https://api.github.com/repos/nette/php-generator/zipball/9370403f9d9c25b51c4596ded1fbfe70347f7c82",
                "reference": "9370403f9d9c25b51c4596ded1fbfe70347f7c82",
                "shasum": ""
            },
            "require": {
                "nette/utils": "^3.1.2",
                "php": ">=7.2 <8.2"
            },
            "require-dev": {
                "nette/tester": "^2.4",
                "nikic/php-parser": "^4.13",
                "phpstan/phpstan": "^0.12",
                "tracy/tracy": "^2.8"
            },
            "suggest": {
                "nikic/php-parser": "to use ClassType::withBodiesFrom() & GlobalFunction::withBodyFrom()"
            },
            "type": "library",
            "extra": {
                "branch-alias": {
                    "dev-master": "3.6-dev"
                }
            },
            "autoload": {
                "classmap": [
                    "src/"
                ]
            },
            "notification-url": "https://packagist.org/downloads/",
            "license": [
                "BSD-3-Clause",
                "GPL-2.0-only",
                "GPL-3.0-only"
            ],
            "authors": [
                {
                    "name": "David Grudl",
                    "homepage": "https://davidgrudl.com"
                },
                {
                    "name": "Nette Community",
                    "homepage": "https://nette.org/contributors"
                }
            ],
            "description": "🐘 Nette PHP Generator: generates neat PHP code for you. Supports new PHP 8.1 features.",
            "homepage": "https://nette.org",
            "keywords": [
                "code",
                "nette",
                "php",
                "scaffolding"
            ],
            "support": {
                "issues": "https://github.com/nette/php-generator/issues",
                "source": "https://github.com/nette/php-generator/tree/v3.6.5"
            },
            "time": "2021-11-24T16:23:44+00:00"
        },
        {
            "name": "nette/utils",
            "version": "v3.2.6",
            "source": {
                "type": "git",
                "url": "https://github.com/nette/utils.git",
                "reference": "2f261e55bd6a12057442045bf2c249806abc1d02"
            },
            "dist": {
                "type": "zip",
                "url": "https://api.github.com/repos/nette/utils/zipball/2f261e55bd6a12057442045bf2c249806abc1d02",
                "reference": "2f261e55bd6a12057442045bf2c249806abc1d02",
                "shasum": ""
            },
            "require": {
                "php": ">=7.2 <8.2"
            },
            "conflict": {
                "nette/di": "<3.0.6"
            },
            "require-dev": {
                "nette/tester": "~2.0",
                "phpstan/phpstan": "^1.0",
                "tracy/tracy": "^2.3"
            },
            "suggest": {
                "ext-gd": "to use Image",
                "ext-iconv": "to use Strings::webalize(), toAscii(), chr() and reverse()",
                "ext-intl": "to use Strings::webalize(), toAscii(), normalize() and compare()",
                "ext-json": "to use Nette\\Utils\\Json",
                "ext-mbstring": "to use Strings::lower() etc...",
                "ext-tokenizer": "to use Nette\\Utils\\Reflection::getUseStatements()",
                "ext-xml": "to use Strings::length() etc. when mbstring is not available"
            },
            "type": "library",
            "extra": {
                "branch-alias": {
                    "dev-master": "3.2-dev"
                }
            },
            "autoload": {
                "classmap": [
                    "src/"
                ]
            },
            "notification-url": "https://packagist.org/downloads/",
            "license": [
                "BSD-3-Clause",
                "GPL-2.0-only",
                "GPL-3.0-only"
            ],
            "authors": [
                {
                    "name": "David Grudl",
                    "homepage": "https://davidgrudl.com"
                },
                {
                    "name": "Nette Community",
                    "homepage": "https://nette.org/contributors"
                }
            ],
            "description": "🛠  Nette Utils: lightweight utilities for string & array manipulation, image handling, safe JSON encoding/decoding, validation, slug or strong password generating etc.",
            "homepage": "https://nette.org",
            "keywords": [
                "array",
                "core",
                "datetime",
                "images",
                "json",
                "nette",
                "paginator",
                "password",
                "slugify",
                "string",
                "unicode",
                "utf-8",
                "utility",
                "validation"
            ],
            "support": {
                "issues": "https://github.com/nette/utils/issues",
                "source": "https://github.com/nette/utils/tree/v3.2.6"
            },
            "time": "2021-11-24T15:47:23+00:00"
        },
        {
            "name": "phalcon/cli-options-parser",
            "version": "v1.3.0",
            "source": {
                "type": "git",
                "url": "https://github.com/phalcon/cli-options-parser.git",
                "reference": "1c5a7d0db23a88d8ba14646af75464cbbd115251"
            },
            "dist": {
                "type": "zip",
                "url": "https://api.github.com/repos/phalcon/cli-options-parser/zipball/1c5a7d0db23a88d8ba14646af75464cbbd115251",
                "reference": "1c5a7d0db23a88d8ba14646af75464cbbd115251",
                "shasum": ""
            },
            "require": {
                "php": ">=7.3"
            },
            "require-dev": {
                "phpunit/phpunit": "^9.5.8",
                "squizlabs/php_codesniffer": "3.*"
            },
            "type": "library",
            "extra": {
                "branch-alias": {
                    "dev-master": "1.1-dev"
                }
            },
            "autoload": {
                "psr-4": {
                    "Phalcon\\Cop\\": "src/"
                }
            },
            "notification-url": "https://packagist.org/downloads/",
            "license": [
                "BSD-3-Clause"
            ],
            "authors": [
                {
                    "name": "Phalcon Team",
                    "email": "team@phalconphp.com",
                    "homepage": "https://phalconphp.com/en/team"
                },
                {
                    "name": "Contributors",
                    "homepage": "https://github.com/phalcon/cli-options-parser/graphs/contributors"
                }
            ],
            "description": "Command line arguments/options parser.",
            "homepage": "https://phalconphp.com",
            "keywords": [
                "argparse",
                "cli",
                "command",
                "command-line",
                "getopt",
                "line",
                "option",
                "optparse",
                "parser",
                "terminal"
            ],
            "support": {
                "forum": "https://forum.phalconphp.com/",
                "issues": "https://github.com/phalcon/cli-options-parser/issues",
                "source": "https://github.com/phalcon/cli-options-parser"
            },
            "funding": [
                {
                    "url": "https://github.com/phalcon",
                    "type": "github"
                },
                {
                    "url": "https://opencollective.com/phalcon",
                    "type": "open_collective"
                }
            ],
            "time": "2021-08-03T02:44:01+00:00"
        },
        {
            "name": "phalcon/migrations",
            "version": "v2.2.4",
            "source": {
                "type": "git",
                "url": "https://github.com/phalcon/migrations.git",
                "reference": "df71fb394a9a0840e27ff79d25ac7276dd7f9217"
            },
            "dist": {
                "type": "zip",
                "url": "https://api.github.com/repos/phalcon/migrations/zipball/df71fb394a9a0840e27ff79d25ac7276dd7f9217",
                "reference": "df71fb394a9a0840e27ff79d25ac7276dd7f9217",
                "shasum": ""
            },
            "require": {
                "ext-phalcon": ">=4.0.5",
                "nette/php-generator": "^3.5",
                "phalcon/cli-options-parser": "^1.2",
                "php": ">=7.3"
            },
            "require-dev": {
                "codeception/codeception": "^4.1",
                "codeception/module-asserts": "^1.0.0",
                "codeception/module-cli": "^1.0",
                "codeception/module-db": "^1.0",
                "codeception/module-phpbrowser": "^1.0.0",
                "ext-pdo": "*",
                "fakerphp/faker": "^1.15",
                "humbug/box": "^3.8",
                "phalcon/ide-stubs": "^4.0.0",
                "squizlabs/php_codesniffer": "^3.5",
                "vimeo/psalm": "^4.6",
                "vlucas/phpdotenv": "^4.1"
            },
            "suggest": {
                "robmorgan/phinx": "Phinx makes it ridiculously easy to manage the database migrations for your PHP app."
            },
            "bin": [
                "phalcon-migrations"
            ],
            "type": "library",
            "autoload": {
                "psr-4": {
                    "Phalcon\\Migrations\\": "src/"
                }
            },
            "notification-url": "https://packagist.org/downloads/",
            "license": [
                "BSD-3-Clause"
            ],
            "authors": [
                {
                    "name": "Phalcon Team",
                    "email": "team@phalcon.io",
                    "homepage": "https://phalcon.io/en/team"
                },
                {
                    "name": "Contributors",
                    "homepage": "https://github.com/phalcon/migrations/graphs/contributors"
                }
            ],
            "description": "Run and Generate DB Migrations with Phalcon Framework",
            "homepage": "https://phalcon.io",
            "keywords": [
                "framework",
                "migration",
                "phalcon",
                "phar"
            ],
            "support": {
                "forum": "https://forum.phalcon.io",
                "issues": "https://github.com/phalcon/migrations/issues",
                "source": "https://github.com/phalcon/migrations"
            },
            "funding": [
                {
                    "url": "https://github.com/phalcon",
                    "type": "github"
                },
                {
                    "url": "https://opencollective.com/phalcon",
                    "type": "open_collective"
                }
            ],
            "time": "2021-12-10T08:24:47+00:00"
        },
        {
            "name": "symfony/polyfill-mbstring",
            "version": "v1.23.1",
            "source": {
                "type": "git",
                "url": "https://github.com/symfony/polyfill-mbstring.git",
                "reference": "9174a3d80210dca8daa7f31fec659150bbeabfc6"
            },
            "dist": {
                "type": "zip",
                "url": "https://api.github.com/repos/symfony/polyfill-mbstring/zipball/9174a3d80210dca8daa7f31fec659150bbeabfc6",
                "reference": "9174a3d80210dca8daa7f31fec659150bbeabfc6",
                "shasum": ""
            },
            "require": {
                "php": ">=7.1"
            },
            "suggest": {
                "ext-mbstring": "For best performance"
            },
            "type": "library",
            "extra": {
                "branch-alias": {
                    "dev-main": "1.23-dev"
                },
                "thanks": {
                    "name": "symfony/polyfill",
                    "url": "https://github.com/symfony/polyfill"
                }
            },
            "autoload": {
                "psr-4": {
                    "Symfony\\Polyfill\\Mbstring\\": ""
                },
                "files": [
                    "bootstrap.php"
                ]
            },
            "notification-url": "https://packagist.org/downloads/",
            "license": [
                "MIT"
            ],
            "authors": [
                {
                    "name": "Nicolas Grekas",
                    "email": "p@tchwork.com"
                },
                {
                    "name": "Symfony Community",
                    "homepage": "https://symfony.com/contributors"
                }
            ],
            "description": "Symfony polyfill for the Mbstring extension",
            "homepage": "https://symfony.com",
            "keywords": [
                "compatibility",
                "mbstring",
                "polyfill",
                "portable",
                "shim"
            ],
            "support": {
                "source": "https://github.com/symfony/polyfill-mbstring/tree/v1.23.1"
            },
            "funding": [
                {
                    "url": "https://symfony.com/sponsor",
                    "type": "custom"
                },
                {
                    "url": "https://github.com/fabpot",
                    "type": "github"
                },
                {
                    "url": "https://tidelift.com/funding/github/packagist/symfony/symfony",
                    "type": "tidelift"
                }
            ],
            "time": "2021-05-27T12:26:48+00:00"
        },
        {
            "name": "symfony/polyfill-php80",
            "version": "v1.23.1",
            "source": {
                "type": "git",
                "url": "https://github.com/symfony/polyfill-php80.git",
                "reference": "1100343ed1a92e3a38f9ae122fc0eb21602547be"
            },
            "dist": {
                "type": "zip",
                "url": "https://api.github.com/repos/symfony/polyfill-php80/zipball/1100343ed1a92e3a38f9ae122fc0eb21602547be",
                "reference": "1100343ed1a92e3a38f9ae122fc0eb21602547be",
                "shasum": ""
            },
            "require": {
                "php": ">=7.1"
            },
            "type": "library",
            "extra": {
                "branch-alias": {
                    "dev-main": "1.23-dev"
                },
                "thanks": {
                    "name": "symfony/polyfill",
                    "url": "https://github.com/symfony/polyfill"
                }
            },
            "autoload": {
                "psr-4": {
                    "Symfony\\Polyfill\\Php80\\": ""
                },
                "files": [
                    "bootstrap.php"
                ],
                "classmap": [
                    "Resources/stubs"
                ]
            },
            "notification-url": "https://packagist.org/downloads/",
            "license": [
                "MIT"
            ],
            "authors": [
                {
                    "name": "Ion Bazan",
                    "email": "ion.bazan@gmail.com"
                },
                {
                    "name": "Nicolas Grekas",
                    "email": "p@tchwork.com"
                },
                {
                    "name": "Symfony Community",
                    "homepage": "https://symfony.com/contributors"
                }
            ],
            "description": "Symfony polyfill backporting some PHP 8.0+ features to lower PHP versions",
            "homepage": "https://symfony.com",
            "keywords": [
                "compatibility",
                "polyfill",
                "portable",
                "shim"
            ],
            "support": {
                "source": "https://github.com/symfony/polyfill-php80/tree/v1.23.1"
            },
            "funding": [
                {
                    "url": "https://symfony.com/sponsor",
                    "type": "custom"
                },
                {
                    "url": "https://github.com/fabpot",
                    "type": "github"
                },
                {
                    "url": "https://tidelift.com/funding/github/packagist/symfony/symfony",
                    "type": "tidelift"
                }
            ],
            "time": "2021-07-28T13:41:28+00:00"
        },
        {
            "name": "symfony/var-dumper",
            "version": "v5.4.1",
            "source": {
                "type": "git",
                "url": "https://github.com/symfony/var-dumper.git",
                "reference": "2366ac8d8abe0c077844613c1a4f0c0a9f522dcc"
            },
            "dist": {
                "type": "zip",
                "url": "https://api.github.com/repos/symfony/var-dumper/zipball/2366ac8d8abe0c077844613c1a4f0c0a9f522dcc",
                "reference": "2366ac8d8abe0c077844613c1a4f0c0a9f522dcc",
                "shasum": ""
            },
            "require": {
                "php": ">=7.2.5",
                "symfony/polyfill-mbstring": "~1.0",
                "symfony/polyfill-php80": "^1.16"
            },
            "conflict": {
                "phpunit/phpunit": "<5.4.3",
                "symfony/console": "<4.4"
            },
            "require-dev": {
                "ext-iconv": "*",
                "symfony/console": "^4.4|^5.0|^6.0",
                "symfony/process": "^4.4|^5.0|^6.0",
                "symfony/uid": "^5.1|^6.0",
                "twig/twig": "^2.13|^3.0.4"
            },
            "suggest": {
                "ext-iconv": "To convert non-UTF-8 strings to UTF-8 (or symfony/polyfill-iconv in case ext-iconv cannot be used).",
                "ext-intl": "To show region name in time zone dump",
                "symfony/console": "To use the ServerDumpCommand and/or the bin/var-dump-server script"
            },
            "bin": [
                "Resources/bin/var-dump-server"
            ],
            "type": "library",
            "autoload": {
                "files": [
                    "Resources/functions/dump.php"
                ],
                "psr-4": {
                    "Symfony\\Component\\VarDumper\\": ""
                },
                "exclude-from-classmap": [
                    "/Tests/"
                ]
            },
            "notification-url": "https://packagist.org/downloads/",
            "license": [
                "MIT"
            ],
            "authors": [
                {
                    "name": "Nicolas Grekas",
                    "email": "p@tchwork.com"
                },
                {
                    "name": "Symfony Community",
                    "homepage": "https://symfony.com/contributors"
                }
            ],
            "description": "Provides mechanisms for walking through any arbitrary PHP variable",
            "homepage": "https://symfony.com",
            "keywords": [
                "debug",
                "dump"
            ],
            "support": {
                "source": "https://github.com/symfony/var-dumper/tree/v5.4.1"
            },
            "funding": [
                {
                    "url": "https://symfony.com/sponsor",
                    "type": "custom"
                },
                {
                    "url": "https://github.com/fabpot",
                    "type": "github"
                },
                {
                    "url": "https://tidelift.com/funding/github/packagist/symfony/symfony",
                    "type": "tidelift"
                }
            ],
            "time": "2021-12-01T15:04:08+00:00"
        }
    ],
    "aliases": [],
    "minimum-stability": "stable",
    "stability-flags": [],
    "prefer-stable": false,
    "prefer-lowest": false,
    "platform": [],
    "platform-dev": [],
    "plugin-api-version": "2.0.0"
}
